
Microsoft Visual Studio Solution File, Format Version 12.00
# Visual Studio 15
Project("{FAE04EC0-301F-11D3-BF4B-00C04F79EFBC}") = "UnityEngine.UI", "UnityEngine.UI.csproj", "{D04307D6-A264-82DA-DA61-003196DB8069}"
EndProject
Project("{FAE04EC0-301F-11D3-BF4B-00C04F79EFBC}") = "UnityEngine.TestRunner", "UnityEngine.TestRunner.csproj", "{6A768E17-6881-84C5-0092-9C11BE3B1449}"
EndProject
Project("{FAE04EC0-301F-11D3-BF4B-00C04F79EFBC}") = "Unity.Mathematics", "Unity.Mathematics.csproj", "{40D820C6-580E-D7C6-C5B0-E21E0F2EB07E}"
EndProject
Project("{FAE04EC0-301F-11D3-BF4B-00C04F79EFBC}") = "Unity.VisualScripting.State", "Unity.VisualScripting.State.csproj", "{69E0BFFD-2DD1-C2E3-C246-661ECE283469}"
EndProject
Project("{FAE04EC0-301F-11D3-BF4B-00C04F79EFBC}") = "Unity.VisualScripting.Core", "Unity.VisualScripting.Core.csproj", "{5E955045-1A75-5A8D-D55A-1B8E6AF7E6EE}"
EndProject
Project("{FAE04EC0-301F-11D3-BF4B-00C04F79EFBC}") = "Unity.VisualScripting.Flow", "Unity.VisualScripting.Flow.csproj", "{C1BA317E-7FB3-8D87-6B44-A9B0F57BA443}"
EndProject
Project("{FAE04EC0-301F-11D3-BF4B-00C04F79EFBC}") = "Unity.2D.Animation.Runtime", "Unity.2D.Animation.Runtime.csproj", "{AB183651-109F-12C6-21EE-6B49E620A503}"
EndProject
Project("{FAE04EC0-301F-11D3-BF4B-00C04F79EFBC}") = "Unity.TextMeshPro", "Unity.TextMeshPro.csproj", "{6937D9FB-8FCD-C0F6-BE4F-4A48C1459CBD}"
EndProject
Project("{FAE04EC0-301F-11D3-BF4B-00C04F79EFBC}") = "Unity.Timeline", "Unity.Timeline.csproj", "{4542AE01-05D2-F1EB-4DFE-A328E69A0DDC}"
EndProject
Project("{FAE04EC0-301F-11D3-BF4B-00C04F79EFBC}") = "Unity.2D.SpriteShape.Runtime", "Unity.2D.SpriteShape.Runtime.csproj", "{82639AB0-80ED-39B5-F607-815BB6F43797}"
EndProject
Project("{FAE04EC0-301F-11D3-BF4B-00C04F79EFBC}") = "Unity.2D.Animation.Triangle.Runtime", "Unity.2D.Animation.Triangle.Runtime.csproj", "{591C6278-21C0-9A0B-4B53-F0B3C6D1C4F0}"
EndProject
Project("{FAE04EC0-301F-11D3-BF4B-00C04F79EFBC}") = "Unity.2D.PixelPerfect", "Unity.2D.PixelPerfect.csproj", "{0D05806D-C858-A7AC-A0E2-2C024A6B3A1C}"
EndProject
Project("{FAE04EC0-301F-11D3-BF4B-00C04F79EFBC}") = "Unity.2D.IK.Runtime", "Unity.2D.IK.Runtime.csproj", "{DDA470F7-AD6E-5150-6EFD-A67D4A0C8DB4}"
EndProject
Project("{FAE04EC0-301F-11D3-BF4B-00C04F79EFBC}") = "Unity.2D.Tilemap.Extras", "Unity.2D.Tilemap.Extras.csproj", "{43B2AFB4-55D9-F047-E109-B1EC91F73D4A}"
EndProject
Project("{FAE04EC0-301F-11D3-BF4B-00C04F79EFBC}") = "Unity.2D.Common.Runtime", "Unity.2D.Common.Runtime.csproj", "{20493304-6901-693A-45B9-B1432700F283}"
EndProject
Project("{FAE04EC0-301F-11D3-BF4B-00C04F79EFBC}") = "Unity.InternalAPIEngineBridge.001", "Unity.InternalAPIEngineBridge.001.csproj", "{EFE28718-BF02-E3EA-AFF7-67B8E0897FED}"
EndProject
Project("{FAE04EC0-301F-11D3-BF4B-00C04F79EFBC}") = "Unity.PlasticSCM.Editor", "Unity.PlasticSCM.Editor.csproj", "{6D528C96-5243-A964-92A3-78B71126BD4C}"
EndProject
Project("{FAE04EC0-301F-11D3-BF4B-00C04F79EFBC}") = "Unity.VisualScripting.Core.Editor", "Unity.VisualScripting.Core.Editor.csproj", "{AE671C92-68AC-62FE-3159-FFE766314A06}"
EndProject
Project("{FAE04EC0-301F-11D3-BF4B-00C04F79EFBC}") = "Unity.VisualStudio.Editor", "Unity.VisualStudio.Editor.csproj", "{745B00AA-80EF-CAFC-1A4D-CDA382C6C3E7}"
EndProject
Project("{FAE04EC0-301F-11D3-BF4B-00C04F79EFBC}") = "Unity.Timeline.Editor", "Unity.Timeline.Editor.csproj", "{5915FC3F-6E77-4193-8B3D-443BBB8717B0}"
EndProject
Project("{FAE04EC0-301F-11D3-BF4B-00C04F79EFBC}") = "Unity.VisualScripting.State.Editor", "Unity.VisualScripting.State.Editor.csproj", "{8276F53C-3ECF-893A-F432-C75BEBA7E7AA}"
EndProject
Project("{FAE04EC0-301F-11D3-BF4B-00C04F79EFBC}") = "Unity.TextMeshPro.Editor", "Unity.TextMeshPro.Editor.csproj", "{84E3DEBF-A955-DA74-DE13-C4861FEE2C61}"
EndProject
Project("{FAE04EC0-301F-11D3-BF4B-00C04F79EFBC}") = "Unity.2D.Animation.Editor", "Unity.2D.Animation.Editor.csproj", "{C9E80396-5425-32A2-6E8E-97BDAD13D73E}"
EndProject
Project("{FAE04EC0-301F-11D3-BF4B-00C04F79EFBC}") = "VSSettingsProvider", "VSSettingsProvider.csproj", "{29FC8B68-7C83-FCD8-A1A9-4F74D47EBD1E}"
EndProject
Project("{FAE04EC0-301F-11D3-BF4B-00C04F79EFBC}") = "Unity.CollabProxy.Editor", "Unity.CollabProxy.Editor.csproj", "{8CF2C73D-D45F-0EFE-C968-1ECD6036A545}"
EndProject
Project("{FAE04EC0-301F-11D3-BF4B-00C04F79EFBC}") = "UnityEditor.TestRunner", "UnityEditor.TestRunner.csproj", "{913B742B-689B-E37E-ABA0-C9C69EC9D379}"
EndProject
Project("{FAE04EC0-301F-11D3-BF4B-00C04F79EFBC}") = "Unity.VisualScripting.Flow.Editor", "Unity.VisualScripting.Flow.Editor.csproj", "{DFEDBEEE-B178-688A-B51D-0B51175A7C75}"
EndProject
Project("{FAE04EC0-301F-11D3-BF4B-00C04F79EFBC}") = "Unity.Rider.Editor", "Unity.Rider.Editor.csproj", "{4E47F96F-8A24-9FF2-8BA6-C1C20E23B7E4}"
EndProject
Project("{FAE04EC0-301F-11D3-BF4B-00C04F79EFBC}") = "Unity.2D.Path.Editor", "Unity.2D.Path.Editor.csproj", "{A5B94B0E-AA60-849F-B004-5B7619D4B9B6}"
EndProject
Project("{FAE04EC0-301F-11D3-BF4B-00C04F79EFBC}") = "PsdPlugin", "PsdPlugin.csproj", "{281414E0-F10F-D898-3743-CF08274F32D3}"
EndProject
Project("{FAE04EC0-301F-11D3-BF4B-00C04F79EFBC}") = "Unity.2D.IK.Editor", "Unity.2D.IK.Editor.csproj", "{895645A8-8831-0E0B-6F86-9BEF06D13FF9}"
EndProject
Project("{FAE04EC0-301F-11D3-BF4B-00C04F79EFBC}") = "Unity.2D.Psdimporter.Editor", "Unity.2D.Psdimporter.Editor.csproj", "{EDA6612D-4E9F-6903-C6FD-4994C112B9E8}"
EndProject
Project("{FAE04EC0-301F-11D3-BF4B-00C04F79EFBC}") = "Unity.2D.SpriteShape.Editor", "Unity.2D.SpriteShape.Editor.csproj", "{FAEF7819-A342-A238-F040-0106F9A9F64C}"
EndProject
Project("{FAE04EC0-301F-11D3-BF4B-00C04F79EFBC}") = "Unity.2D.Tilemap.Editor", "Unity.2D.Tilemap.Editor.csproj", "{645FF188-1732-817C-D522-B972E92C4763}"
EndProject
Project("{FAE04EC0-301F-11D3-BF4B-00C04F79EFBC}") = "Unity.2D.PixelPerfect.Editor", "Unity.2D.PixelPerfect.Editor.csproj", "{891E62EB-C120-1CD8-AB89-0AB4C57348BF}"
EndProject
Project("{FAE04EC0-301F-11D3-BF4B-00C04F79EFBC}") = "Unity.VSCode.Editor", "Unity.VSCode.Editor.csproj", "{F2FA6359-7D81-2785-E899-DC738B0BCDBC}"
EndProject
Project("{FAE04EC0-301F-11D3-BF4B-00C04F79EFBC}") = "Unity.2D.Sprite.Editor", "Unity.2D.Sprite.Editor.csproj", "{23C70C2E-092A-3ECA-1E4A-1C6C14059C62}"
EndProject
Project("{FAE04EC0-301F-11D3-BF4B-00C04F79EFBC}") = "UnityEditor.UI", "UnityEditor.UI.csproj", "{6D88D9F1-9CBE-22EE-62F1-AB7D8769DC30}"
EndProject
Project("{FAE04EC0-301F-11D3-BF4B-00C04F79EFBC}") = "Unity.Mathematics.Editor", "Unity.Mathematics.Editor.csproj", "{52DE4688-87BD-A8EA-8BC9-F2DB6B0B12C6}"
EndProject
Project("{FAE04EC0-301F-11D3-BF4B-00C04F79EFBC}") = "Unity.2D.Common.Editor", "Unity.2D.Common.Editor.csproj", "{04E9C287-5D8F-3373-876D-417640796A07}"
EndProject
Project("{FAE04EC0-301F-11D3-BF4B-00C04F79EFBC}") = "Unity.2D.Tilemap.Extras.Editor", "Unity.2D.Tilemap.Extras.Editor.csproj", "{8A90E31B-3C53-D184-50BF-0D23F8D43EC2}"
EndProject
Project("{FAE04EC0-301F-11D3-BF4B-00C04F79EFBC}") = "Unity.InternalAPIEditorBridge.001", "Unity.InternalAPIEditorBridge.001.csproj", "{D69BF69E-3D85-7B77-566A-D2353DC9435B}"
EndProject
Project("{FAE04EC0-301F-11D3-BF4B-00C04F79EFBC}") = "UnityEngine.UI", "UnityEngine.UI.Player.csproj", "{42765DBE-D0BD-713D-354F-59ED41DB4649}"
EndProject
Project("{FAE04EC0-301F-11D3-BF4B-00C04F79EFBC}") = "UnityEngine.TestRunner", "UnityEngine.TestRunner.Player.csproj", "{E4B9D3FD-D348-4677-C22A-059E68530875}"
EndProject
Project("{FAE04EC0-301F-11D3-BF4B-00C04F79EFBC}") = "Unity.Mathematics", "Unity.Mathematics.Player.csproj", "{2A05DB0A-8817-8BEC-BB48-B79AC9CB9EEA}"
EndProject
Project("{FAE04EC0-301F-11D3-BF4B-00C04F79EFBC}") = "Unity.VisualScripting.State", "Unity.VisualScripting.State.Player.csproj", "{A1F621DA-3721-1986-EE0F-2BC0E3C917D3}"
EndProject
Project("{FAE04EC0-301F-11D3-BF4B-00C04F79EFBC}") = "Unity.VisualScripting.Core", "Unity.VisualScripting.Core.Player.csproj", "{73E0D6DC-B4C0-976B-2CF6-C63FE8C5E81E}"
EndProject
Project("{FAE04EC0-301F-11D3-BF4B-00C04F79EFBC}") = "Unity.VisualScripting.Flow", "Unity.VisualScripting.Flow.Player.csproj", "{8B38D840-7E01-D884-AB0C-861861420611}"
EndProject
Project("{FAE04EC0-301F-11D3-BF4B-00C04F79EFBC}") = "Unity.2D.Animation.Runtime", "Unity.2D.Animation.Runtime.Player.csproj", "{1BEE9A68-9D4F-4AFC-F982-083C4EF3EAE7}"
EndProject
Project("{FAE04EC0-301F-11D3-BF4B-00C04F79EFBC}") = "Unity.TextMeshPro", "Unity.TextMeshPro.Player.csproj", "{28A7CCC4-3DC1-F99F-B625-08CF572E1D21}"
EndProject
Project("{FAE04EC0-301F-11D3-BF4B-00C04F79EFBC}") = "Unity.Timeline", "Unity.Timeline.Player.csproj", "{8C33FC12-3AE5-6765-BE4D-900827FF1FDC}"
EndProject
Project("{FAE04EC0-301F-11D3-BF4B-00C04F79EFBC}") = "Unity.2D.SpriteShape.Runtime", "Unity.2D.SpriteShape.Runtime.Player.csproj", "{4B78C3EC-BC27-4066-A5B0-E441836FE925}"
EndProject
Project("{FAE04EC0-301F-11D3-BF4B-00C04F79EFBC}") = "Unity.2D.Animation.Triangle.Runtime", "Unity.2D.Animation.Triangle.Runtime.Player.csproj", "{30851A59-9AB2-E9B9-C7AC-41E2968C9A90}"
EndProject
Project("{FAE04EC0-301F-11D3-BF4B-00C04F79EFBC}") = "Unity.2D.PixelPerfect", "Unity.2D.PixelPerfect.Player.csproj", "{FC9D5E09-B30D-371F-2943-9EA22D4AF47B}"
EndProject
Project("{FAE04EC0-301F-11D3-BF4B-00C04F79EFBC}") = "Unity.2D.IK.Runtime", "Unity.2D.IK.Runtime.Player.csproj", "{9F46E315-1EAF-0F03-073C-648E5FD56D52}"
EndProject
Project("{FAE04EC0-301F-11D3-BF4B-00C04F79EFBC}") = "Unity.2D.Tilemap.Extras", "Unity.2D.Tilemap.Extras.Player.csproj", "{65423FA8-715F-767A-472F-7DE89253AD6A}"
EndProject
Project("{FAE04EC0-301F-11D3-BF4B-00C04F79EFBC}") = "Unity.2D.Common.Runtime", "Unity.2D.Common.Runtime.Player.csproj", "{B9E6C7E8-7CC1-C7C7-72C9-BFDA45A60B9A}"
EndProject
Project("{FAE04EC0-301F-11D3-BF4B-00C04F79EFBC}") = "Unity.InternalAPIEngineBridge.001", "Unity.InternalAPIEngineBridge.001.Player.csproj", "{AA1BF274-C52B-E412-6C3C-AC858117C5F7}"
EndProject
Global
	GlobalSection(SolutionConfigurationPlatforms) = preSolution
		Debug|Any CPU = Debug|Any CPU
		Release|Any CPU = Release|Any CPU
	EndGlobalSection
	GlobalSection(ProjectConfigurationPlatforms) = postSolution
		{D04307D6-A264-82DA-DA61-003196DB8069}.Debug|Any CPU.ActiveCfg = Debug|Any CPU
		{D04307D6-A264-82DA-DA61-003196DB8069}.Debug|Any CPU.Build.0 = Debug|Any CPU
		{D04307D6-A264-82DA-DA61-003196DB8069}.Release|Any CPU.ActiveCfg = Release|Any CPU
		{D04307D6-A264-82DA-DA61-003196DB8069}.Release|Any CPU.Build.0 = Release|Any CPU
		{6A768E17-6881-84C5-0092-9C11BE3B1449}.Debug|Any CPU.ActiveCfg = Debug|Any CPU
		{6A768E17-6881-84C5-0092-9C11BE3B1449}.Debug|Any CPU.Build.0 = Debug|Any CPU
		{6A768E17-6881-84C5-0092-9C11BE3B1449}.Release|Any CPU.ActiveCfg = Release|Any CPU
		{6A768E17-6881-84C5-0092-9C11BE3B1449}.Release|Any CPU.Build.0 = Release|Any CPU
		{40D820C6-580E-D7C6-C5B0-E21E0F2EB07E}.Debug|Any CPU.ActiveCfg = Debug|Any CPU
		{40D820C6-580E-D7C6-C5B0-E21E0F2EB07E}.Debug|Any CPU.Build.0 = Debug|Any CPU
		{40D820C6-580E-D7C6-C5B0-E21E0F2EB07E}.Release|Any CPU.ActiveCfg = Release|Any CPU
		{40D820C6-580E-D7C6-C5B0-E21E0F2EB07E}.Release|Any CPU.Build.0 = Release|Any CPU
		{69E0BFFD-2DD1-C2E3-C246-661ECE283469}.Debug|Any CPU.ActiveCfg = Debug|Any CPU
		{69E0BFFD-2DD1-C2E3-C246-661ECE283469}.Debug|Any CPU.Build.0 = Debug|Any CPU
		{69E0BFFD-2DD1-C2E3-C246-661ECE283469}.Release|Any CPU.ActiveCfg = Release|Any CPU
		{69E0BFFD-2DD1-C2E3-C246-661ECE283469}.Release|Any CPU.Build.0 = Release|Any CPU
		{5E955045-1A75-5A8D-D55A-1B8E6AF7E6EE}.Debug|Any CPU.ActiveCfg = Debug|Any CPU
		{5E955045-1A75-5A8D-D55A-1B8E6AF7E6EE}.Debug|Any CPU.Build.0 = Debug|Any CPU
		{5E955045-1A75-5A8D-D55A-1B8E6AF7E6EE}.Release|Any CPU.ActiveCfg = Release|Any CPU
		{5E955045-1A75-5A8D-D55A-1B8E6AF7E6EE}.Release|Any CPU.Build.0 = Release|Any CPU
		{C1BA317E-7FB3-8D87-6B44-A9B0F57BA443}.Debug|Any CPU.ActiveCfg = Debug|Any CPU
		{C1BA317E-7FB3-8D87-6B44-A9B0F57BA443}.Debug|Any CPU.Build.0 = Debug|Any CPU
		{C1BA317E-7FB3-8D87-6B44-A9B0F57BA443}.Release|Any CPU.ActiveCfg = Release|Any CPU
		{C1BA317E-7FB3-8D87-6B44-A9B0F57BA443}.Release|Any CPU.Build.0 = Release|Any CPU
		{AB183651-109F-12C6-21EE-6B49E620A503}.Debug|Any CPU.ActiveCfg = Debug|Any CPU
		{AB183651-109F-12C6-21EE-6B49E620A503}.Debug|Any CPU.Build.0 = Debug|Any CPU
		{AB183651-109F-12C6-21EE-6B49E620A503}.Release|Any CPU.ActiveCfg = Release|Any CPU
		{AB183651-109F-12C6-21EE-6B49E620A503}.Release|Any CPU.Build.0 = Release|Any CPU
		{6937D9FB-8FCD-C0F6-BE4F-4A48C1459CBD}.Debug|Any CPU.ActiveCfg = Debug|Any CPU
		{6937D9FB-8FCD-C0F6-BE4F-4A48C1459CBD}.Debug|Any CPU.Build.0 = Debug|Any CPU
		{6937D9FB-8FCD-C0F6-BE4F-4A48C1459CBD}.Release|Any CPU.ActiveCfg = Release|Any CPU
		{6937D9FB-8FCD-C0F6-BE4F-4A48C1459CBD}.Release|Any CPU.Build.0 = Release|Any CPU
		{4542AE01-05D2-F1EB-4DFE-A328E69A0DDC}.Debug|Any CPU.ActiveCfg = Debug|Any CPU
		{4542AE01-05D2-F1EB-4DFE-A328E69A0DDC}.Debug|Any CPU.Build.0 = Debug|Any CPU
		{4542AE01-05D2-F1EB-4DFE-A328E69A0DDC}.Release|Any CPU.ActiveCfg = Release|Any CPU
		{4542AE01-05D2-F1EB-4DFE-A328E69A0DDC}.Release|Any CPU.Build.0 = Release|Any CPU
		{82639AB0-80ED-39B5-F607-815BB6F43797}.Debug|Any CPU.ActiveCfg = Debug|Any CPU
		{82639AB0-80ED-39B5-F607-815BB6F43797}.Debug|Any CPU.Build.0 = Debug|Any CPU
		{82639AB0-80ED-39B5-F607-815BB6F43797}.Release|Any CPU.ActiveCfg = Release|Any CPU
		{82639AB0-80ED-39B5-F607-815BB6F43797}.Release|Any CPU.Build.0 = Release|Any CPU
		{591C6278-21C0-9A0B-4B53-F0B3C6D1C4F0}.Debug|Any CPU.ActiveCfg = Debug|Any CPU
		{591C6278-21C0-9A0B-4B53-F0B3C6D1C4F0}.Debug|Any CPU.Build.0 = Debug|Any CPU
		{591C6278-21C0-9A0B-4B53-F0B3C6D1C4F0}.Release|Any CPU.ActiveCfg = Release|Any CPU
		{591C6278-21C0-9A0B-4B53-F0B3C6D1C4F0}.Release|Any CPU.Build.0 = Release|Any CPU
		{0D05806D-C858-A7AC-A0E2-2C024A6B3A1C}.Debug|Any CPU.ActiveCfg = Debug|Any CPU
		{0D05806D-C858-A7AC-A0E2-2C024A6B3A1C}.Debug|Any CPU.Build.0 = Debug|Any CPU
		{0D05806D-C858-A7AC-A0E2-2C024A6B3A1C}.Release|Any CPU.ActiveCfg = Release|Any CPU
		{0D05806D-C858-A7AC-A0E2-2C024A6B3A1C}.Release|Any CPU.Build.0 = Release|Any CPU
		{DDA470F7-AD6E-5150-6EFD-A67D4A0C8DB4}.Debug|Any CPU.ActiveCfg = Debug|Any CPU
		{DDA470F7-AD6E-5150-6EFD-A67D4A0C8DB4}.Debug|Any CPU.Build.0 = Debug|Any CPU
		{DDA470F7-AD6E-5150-6EFD-A67D4A0C8DB4}.Release|Any CPU.ActiveCfg = Release|Any CPU
		{DDA470F7-AD6E-5150-6EFD-A67D4A0C8DB4}.Release|Any CPU.Build.0 = Release|Any CPU
		{43B2AFB4-55D9-F047-E109-B1EC91F73D4A}.Debug|Any CPU.ActiveCfg = Debug|Any CPU
		{43B2AFB4-55D9-F047-E109-B1EC91F73D4A}.Debug|Any CPU.Build.0 = Debug|Any CPU
		{43B2AFB4-55D9-F047-E109-B1EC91F73D4A}.Release|Any CPU.ActiveCfg = Release|Any CPU
		{43B2AFB4-55D9-F047-E109-B1EC91F73D4A}.Release|Any CPU.Build.0 = Release|Any CPU
		{20493304-6901-693A-45B9-B1432700F283}.Debug|Any CPU.ActiveCfg = Debug|Any CPU
		{20493304-6901-693A-45B9-B1432700F283}.Debug|Any CPU.Build.0 = Debug|Any CPU
		{20493304-6901-693A-45B9-B1432700F283}.Release|Any CPU.ActiveCfg = Release|Any CPU
		{20493304-6901-693A-45B9-B1432700F283}.Release|Any CPU.Build.0 = Release|Any CPU
		{EFE28718-BF02-E3EA-AFF7-67B8E0897FED}.Debug|Any CPU.ActiveCfg = Debug|Any CPU
		{EFE28718-BF02-E3EA-AFF7-67B8E0897FED}.Debug|Any CPU.Build.0 = Debug|Any CPU
		{EFE28718-BF02-E3EA-AFF7-67B8E0897FED}.Release|Any CPU.ActiveCfg = Release|Any CPU
		{EFE28718-BF02-E3EA-AFF7-67B8E0897FED}.Release|Any CPU.Build.0 = Release|Any CPU
		{6D528C96-5243-A964-92A3-78B71126BD4C}.Debug|Any CPU.ActiveCfg = Debug|Any CPU
		{6D528C96-5243-A964-92A3-78B71126BD4C}.Debug|Any CPU.Build.0 = Debug|Any CPU
		{6D528C96-5243-A964-92A3-78B71126BD4C}.Release|Any CPU.ActiveCfg = Release|Any CPU
		{6D528C96-5243-A964-92A3-78B71126BD4C}.Release|Any CPU.Build.0 = Release|Any CPU
		{AE671C92-68AC-62FE-3159-FFE766314A06}.Debug|Any CPU.ActiveCfg = Debug|Any CPU
		{AE671C92-68AC-62FE-3159-FFE766314A06}.Debug|Any CPU.Build.0 = Debug|Any CPU
		{AE671C92-68AC-62FE-3159-FFE766314A06}.Release|Any CPU.ActiveCfg = Release|Any CPU
		{AE671C92-68AC-62FE-3159-FFE766314A06}.Release|Any CPU.Build.0 = Release|Any CPU
		{745B00AA-80EF-CAFC-1A4D-CDA382C6C3E7}.Debug|Any CPU.ActiveCfg = Debug|Any CPU
		{745B00AA-80EF-CAFC-1A4D-CDA382C6C3E7}.Debug|Any CPU.Build.0 = Debug|Any CPU
		{745B00AA-80EF-CAFC-1A4D-CDA382C6C3E7}.Release|Any CPU.ActiveCfg = Release|Any CPU
		{745B00AA-80EF-CAFC-1A4D-CDA382C6C3E7}.Release|Any CPU.Build.0 = Release|Any CPU
		{5915FC3F-6E77-4193-8B3D-443BBB8717B0}.Debug|Any CPU.ActiveCfg = Debug|Any CPU
		{5915FC3F-6E77-4193-8B3D-443BBB8717B0}.Debug|Any CPU.Build.0 = Debug|Any CPU
		{5915FC3F-6E77-4193-8B3D-443BBB8717B0}.Release|Any CPU.ActiveCfg = Release|Any CPU
		{5915FC3F-6E77-4193-8B3D-443BBB8717B0}.Release|Any CPU.Build.0 = Release|Any CPU
		{8276F53C-3ECF-893A-F432-C75BEBA7E7AA}.Debug|Any CPU.ActiveCfg = Debug|Any CPU
		{8276F53C-3ECF-893A-F432-C75BEBA7E7AA}.Debug|Any CPU.Build.0 = Debug|Any CPU
		{8276F53C-3ECF-893A-F432-C75BEBA7E7AA}.Release|Any CPU.ActiveCfg = Release|Any CPU
		{8276F53C-3ECF-893A-F432-C75BEBA7E7AA}.Release|Any CPU.Build.0 = Release|Any CPU
		{84E3DEBF-A955-DA74-DE13-C4861FEE2C61}.Debug|Any CPU.ActiveCfg = Debug|Any CPU
		{84E3DEBF-A955-DA74-DE13-C4861FEE2C61}.Debug|Any CPU.Build.0 = Debug|Any CPU
		{84E3DEBF-A955-DA74-DE13-C4861FEE2C61}.Release|Any CPU.ActiveCfg = Release|Any CPU
		{84E3DEBF-A955-DA74-DE13-C4861FEE2C61}.Release|Any CPU.Build.0 = Release|Any CPU
		{C9E80396-5425-32A2-6E8E-97BDAD13D73E}.Debug|Any CPU.ActiveCfg = Debug|Any CPU
		{C9E80396-5425-32A2-6E8E-97BDAD13D73E}.Debug|Any CPU.Build.0 = Debug|Any CPU
		{C9E80396-5425-32A2-6E8E-97BDAD13D73E}.Release|Any CPU.ActiveCfg = Release|Any CPU
		{C9E80396-5425-32A2-6E8E-97BDAD13D73E}.Release|Any CPU.Build.0 = Release|Any CPU
		{29FC8B68-7C83-FCD8-A1A9-4F74D47EBD1E}.Debug|Any CPU.ActiveCfg = Debug|Any CPU
		{29FC8B68-7C83-FCD8-A1A9-4F74D47EBD1E}.Debug|Any CPU.Build.0 = Debug|Any CPU
		{29FC8B68-7C83-FCD8-A1A9-4F74D47EBD1E}.Release|Any CPU.ActiveCfg = Release|Any CPU
		{29FC8B68-7C83-FCD8-A1A9-4F74D47EBD1E}.Release|Any CPU.Build.0 = Release|Any CPU
		{8CF2C73D-D45F-0EFE-C968-1ECD6036A545}.Debug|Any CPU.ActiveCfg = Debug|Any CPU
		{8CF2C73D-D45F-0EFE-C968-1ECD6036A545}.Debug|Any CPU.Build.0 = Debug|Any CPU
		{8CF2C73D-D45F-0EFE-C968-1ECD6036A545}.Release|Any CPU.ActiveCfg = Release|Any CPU
		{8CF2C73D-D45F-0EFE-C968-1ECD6036A545}.Release|Any CPU.Build.0 = Release|Any CPU
		{913B742B-689B-E37E-ABA0-C9C69EC9D379}.Debug|Any CPU.ActiveCfg = Debug|Any CPU
		{913B742B-689B-E37E-ABA0-C9C69EC9D379}.Debug|Any CPU.Build.0 = Debug|Any CPU
		{913B742B-689B-E37E-ABA0-C9C69EC9D379}.Release|Any CPU.ActiveCfg = Release|Any CPU
		{913B742B-689B-E37E-ABA0-C9C69EC9D379}.Release|Any CPU.Build.0 = Release|Any CPU
		{DFEDBEEE-B178-688A-B51D-0B51175A7C75}.Debug|Any CPU.ActiveCfg = Debug|Any CPU
		{DFEDBEEE-B178-688A-B51D-0B51175A7C75}.Debug|Any CPU.Build.0 = Debug|Any CPU
		{DFEDBEEE-B178-688A-B51D-0B51175A7C75}.Release|Any CPU.ActiveCfg = Release|Any CPU
		{DFEDBEEE-B178-688A-B51D-0B51175A7C75}.Release|Any CPU.Build.0 = Release|Any CPU
		{4E47F96F-8A24-9FF2-8BA6-C1C20E23B7E4}.Debug|Any CPU.ActiveCfg = Debug|Any CPU
		{4E47F96F-8A24-9FF2-8BA6-C1C20E23B7E4}.Debug|Any CPU.Build.0 = Debug|Any CPU
		{4E47F96F-8A24-9FF2-8BA6-C1C20E23B7E4}.Release|Any CPU.ActiveCfg = Release|Any CPU
		{4E47F96F-8A24-9FF2-8BA6-C1C20E23B7E4}.Release|Any CPU.Build.0 = Release|Any CPU
		{A5B94B0E-AA60-849F-B004-5B7619D4B9B6}.Debug|Any CPU.ActiveCfg = Debug|Any CPU
		{A5B94B0E-AA60-849F-B004-5B7619D4B9B6}.Debug|Any CPU.Build.0 = Debug|Any CPU
		{A5B94B0E-AA60-849F-B004-5B7619D4B9B6}.Release|Any CPU.ActiveCfg = Release|Any CPU
		{A5B94B0E-AA60-849F-B004-5B7619D4B9B6}.Release|Any CPU.Build.0 = Release|Any CPU
		{281414E0-F10F-D898-3743-CF08274F32D3}.Debug|Any CPU.ActiveCfg = Debug|Any CPU
		{281414E0-F10F-D898-3743-CF08274F32D3}.Debug|Any CPU.Build.0 = Debug|Any CPU
		{281414E0-F10F-D898-3743-CF08274F32D3}.Release|Any CPU.ActiveCfg = Release|Any CPU
		{281414E0-F10F-D898-3743-CF08274F32D3}.Release|Any CPU.Build.0 = Release|Any CPU
		{895645A8-8831-0E0B-6F86-9BEF06D13FF9}.Debug|Any CPU.ActiveCfg = Debug|Any CPU
		{895645A8-8831-0E0B-6F86-9BEF06D13FF9}.Debug|Any CPU.Build.0 = Debug|Any CPU
		{895645A8-8831-0E0B-6F86-9BEF06D13FF9}.Release|Any CPU.ActiveCfg = Release|Any CPU
		{895645A8-8831-0E0B-6F86-9BEF06D13FF9}.Release|Any CPU.Build.0 = Release|Any CPU
		{EDA6612D-4E9F-6903-C6FD-4994C112B9E8}.Debug|Any CPU.ActiveCfg = Debug|Any CPU
		{EDA6612D-4E9F-6903-C6FD-4994C112B9E8}.Debug|Any CPU.Build.0 = Debug|Any CPU
		{EDA6612D-4E9F-6903-C6FD-4994C112B9E8}.Release|Any CPU.ActiveCfg = Release|Any CPU
		{EDA6612D-4E9F-6903-C6FD-4994C112B9E8}.Release|Any CPU.Build.0 = Release|Any CPU
		{FAEF7819-A342-A238-F040-0106F9A9F64C}.Debug|Any CPU.ActiveCfg = Debug|Any CPU
		{FAEF7819-A342-A238-F040-0106F9A9F64C}.Debug|Any CPU.Build.0 = Debug|Any CPU
		{FAEF7819-A342-A238-F040-0106F9A9F64C}.Release|Any CPU.ActiveCfg = Release|Any CPU
		{FAEF7819-A342-A238-F040-0106F9A9F64C}.Release|Any CPU.Build.0 = Release|Any CPU
		{645FF188-1732-817C-D522-B972E92C4763}.Debug|Any CPU.ActiveCfg = Debug|Any CPU
		{645FF188-1732-817C-D522-B972E92C4763}.Debug|Any CPU.Build.0 = Debug|Any CPU
		{645FF188-1732-817C-D522-B972E92C4763}.Release|Any CPU.ActiveCfg = Release|Any CPU
		{645FF188-1732-817C-D522-B972E92C4763}.Release|Any CPU.Build.0 = Release|Any CPU
		{891E62EB-C120-1CD8-AB89-0AB4C57348BF}.Debug|Any CPU.ActiveCfg = Debug|Any CPU
		{891E62EB-C120-1CD8-AB89-0AB4C57348BF}.Debug|Any CPU.Build.0 = Debug|Any CPU
		{891E62EB-C120-1CD8-AB89-0AB4C57348BF}.Release|Any CPU.ActiveCfg = Release|Any CPU
		{891E62EB-C120-1CD8-AB89-0AB4C57348BF}.Release|Any CPU.Build.0 = Release|Any CPU
		{F2FA6359-7D81-2785-E899-DC738B0BCDBC}.Debug|Any CPU.ActiveCfg = Debug|Any CPU
		{F2FA6359-7D81-2785-E899-DC738B0BCDBC}.Debug|Any CPU.Build.0 = Debug|Any CPU
		{F2FA6359-7D81-2785-E899-DC738B0BCDBC}.Release|Any CPU.ActiveCfg = Release|Any CPU
		{F2FA6359-7D81-2785-E899-DC738B0BCDBC}.Release|Any CPU.Build.0 = Release|Any CPU
		{23C70C2E-092A-3ECA-1E4A-1C6C14059C62}.Debug|Any CPU.ActiveCfg = Debug|Any CPU
		{23C70C2E-092A-3ECA-1E4A-1C6C14059C62}.Debug|Any CPU.Build.0 = Debug|Any CPU
		{23C70C2E-092A-3ECA-1E4A-1C6C14059C62}.Release|Any CPU.ActiveCfg = Release|Any CPU
		{23C70C2E-092A-3ECA-1E4A-1C6C14059C62}.Release|Any CPU.Build.0 = Release|Any CPU
		{6D88D9F1-9CBE-22EE-62F1-AB7D8769DC30}.Debug|Any CPU.ActiveCfg = Debug|Any CPU
		{6D88D9F1-9CBE-22EE-62F1-AB7D8769DC30}.Debug|Any CPU.Build.0 = Debug|Any CPU
		{6D88D9F1-9CBE-22EE-62F1-AB7D8769DC30}.Release|Any CPU.ActiveCfg = Release|Any CPU
		{6D88D9F1-9CBE-22EE-62F1-AB7D8769DC30}.Release|Any CPU.Build.0 = Release|Any CPU
		{52DE4688-87BD-A8EA-8BC9-F2DB6B0B12C6}.Debug|Any CPU.ActiveCfg = Debug|Any CPU
		{52DE4688-87BD-A8EA-8BC9-F2DB6B0B12C6}.Debug|Any CPU.Build.0 = Debug|Any CPU
		{52DE4688-87BD-A8EA-8BC9-F2DB6B0B12C6}.Release|Any CPU.ActiveCfg = Release|Any CPU
		{52DE4688-87BD-A8EA-8BC9-F2DB6B0B12C6}.Release|Any CPU.Build.0 = Release|Any CPU
		{04E9C287-5D8F-3373-876D-417640796A07}.Debug|Any CPU.ActiveCfg = Debug|Any CPU
		{04E9C287-5D8F-3373-876D-417640796A07}.Debug|Any CPU.Build.0 = Debug|Any CPU
		{04E9C287-5D8F-3373-876D-417640796A07}.Release|Any CPU.ActiveCfg = Release|Any CPU
		{04E9C287-5D8F-3373-876D-417640796A07}.Release|Any CPU.Build.0 = Release|Any CPU
		{8A90E31B-3C53-D184-50BF-0D23F8D43EC2}.Debug|Any CPU.ActiveCfg = Debug|Any CPU
		{8A90E31B-3C53-D184-50BF-0D23F8D43EC2}.Debug|Any CPU.Build.0 = Debug|Any CPU
		{8A90E31B-3C53-D184-50BF-0D23F8D43EC2}.Release|Any CPU.ActiveCfg = Release|Any CPU
		{8A90E31B-3C53-D184-50BF-0D23F8D43EC2}.Release|Any CPU.Build.0 = Release|Any CPU
		{D69BF69E-3D85-7B77-566A-D2353DC9435B}.Debug|Any CPU.ActiveCfg = Debug|Any CPU
		{D69BF69E-3D85-7B77-566A-D2353DC9435B}.Debug|Any CPU.Build.0 = Debug|Any CPU
		{D69BF69E-3D85-7B77-566A-D2353DC9435B}.Release|Any CPU.ActiveCfg = Release|Any CPU
		{D69BF69E-3D85-7B77-566A-D2353DC9435B}.Release|Any CPU.Build.0 = Release|Any CPU
		{42765DBE-D0BD-713D-354F-59ED41DB4649}.Debug|Any CPU.ActiveCfg = Debug|Any CPU
		{42765DBE-D0BD-713D-354F-59ED41DB4649}.Debug|Any CPU.Build.0 = Debug|Any CPU
		{42765DBE-D0BD-713D-354F-59ED41DB4649}.Release|Any CPU.ActiveCfg = Release|Any CPU
		{42765DBE-D0BD-713D-354F-59ED41DB4649}.Release|Any CPU.Build.0 = Release|Any CPU
		{E4B9D3FD-D348-4677-C22A-059E68530875}.Debug|Any CPU.ActiveCfg = Debug|Any CPU
		{E4B9D3FD-D348-4677-C22A-059E68530875}.Debug|Any CPU.Build.0 = Debug|Any CPU
		{E4B9D3FD-D348-4677-C22A-059E68530875}.Release|Any CPU.ActiveCfg = Release|Any CPU
		{E4B9D3FD-D348-4677-C22A-059E68530875}.Release|Any CPU.Build.0 = Release|Any CPU
		{2A05DB0A-8817-8BEC-BB48-B79AC9CB9EEA}.Debug|Any CPU.ActiveCfg = Debug|Any CPU
		{2A05DB0A-8817-8BEC-BB48-B79AC9CB9EEA}.Debug|Any CPU.Build.0 = Debug|Any CPU
		{2A05DB0A-8817-8BEC-BB48-B79AC9CB9EEA}.Release|Any CPU.ActiveCfg = Release|Any CPU
		{2A05DB0A-8817-8BEC-BB48-B79AC9CB9EEA}.Release|Any CPU.Build.0 = Release|Any CPU
		{A1F621DA-3721-1986-EE0F-2BC0E3C917D3}.Debug|Any CPU.ActiveCfg = Debug|Any CPU
		{A1F621DA-3721-1986-EE0F-2BC0E3C917D3}.Debug|Any CPU.Build.0 = Debug|Any CPU
		{A1F621DA-3721-1986-EE0F-2BC0E3C917D3}.Release|Any CPU.ActiveCfg = Release|Any CPU
		{A1F621DA-3721-1986-EE0F-2BC0E3C917D3}.Release|Any CPU.Build.0 = Release|Any CPU
		{73E0D6DC-B4C0-976B-2CF6-C63FE8C5E81E}.Debug|Any CPU.ActiveCfg = Debug|Any CPU
		{73E0D6DC-B4C0-976B-2CF6-C63FE8C5E81E}.Debug|Any CPU.Build.0 = Debug|Any CPU
		{73E0D6DC-B4C0-976B-2CF6-C63FE8C5E81E}.Release|Any CPU.ActiveCfg = Release|Any CPU
		{73E0D6DC-B4C0-976B-2CF6-C63FE8C5E81E}.Release|Any CPU.Build.0 = Release|Any CPU
		{8B38D840-7E01-D884-AB0C-861861420611}.Debug|Any CPU.ActiveCfg = Debug|Any CPU
		{8B38D840-7E01-D884-AB0C-861861420611}.Debug|Any CPU.Build.0 = Debug|Any CPU
		{8B38D840-7E01-D884-AB0C-861861420611}.Release|Any CPU.ActiveCfg = Release|Any CPU
		{8B38D840-7E01-D884-AB0C-861861420611}.Release|Any CPU.Build.0 = Release|Any CPU
		{1BEE9A68-9D4F-4AFC-F982-083C4EF3EAE7}.Debug|Any CPU.ActiveCfg = Debug|Any CPU
		{1BEE9A68-9D4F-4AFC-F982-083C4EF3EAE7}.Debug|Any CPU.Build.0 = Debug|Any CPU
		{1BEE9A68-9D4F-4AFC-F982-083C4EF3EAE7}.Release|Any CPU.ActiveCfg = Release|Any CPU
		{1BEE9A68-9D4F-4AFC-F982-083C4EF3EAE7}.Release|Any CPU.Build.0 = Release|Any CPU
		{28A7CCC4-3DC1-F99F-B625-08CF572E1D21}.Debug|Any CPU.ActiveCfg = Debug|Any CPU
		{28A7CCC4-3DC1-F99F-B625-08CF572E1D21}.Debug|Any CPU.Build.0 = Debug|Any CPU
		{28A7CCC4-3DC1-F99F-B625-08CF572E1D21}.Release|Any CPU.ActiveCfg = Release|Any CPU
		{28A7CCC4-3DC1-F99F-B625-08CF572E1D21}.Release|Any CPU.Build.0 = Release|Any CPU
		{8C33FC12-3AE5-6765-BE4D-900827FF1FDC}.Debug|Any CPU.ActiveCfg = Debug|Any CPU
		{8C33FC12-3AE5-6765-BE4D-900827FF1FDC}.Debug|Any CPU.Build.0 = Debug|Any CPU
		{8C33FC12-3AE5-6765-BE4D-900827FF1FDC}.Release|Any CPU.ActiveCfg = Release|Any CPU
		{8C33FC12-3AE5-6765-BE4D-900827FF1FDC}.Release|Any CPU.Build.0 = Release|Any CPU
		{4B78C3EC-BC27-4066-A5B0-E441836FE925}.Debug|Any CPU.ActiveCfg = Debug|Any CPU
		{4B78C3EC-BC27-4066-A5B0-E441836FE925}.Debug|Any CPU.Build.0 = Debug|Any CPU
		{4B78C3EC-BC27-4066-A5B0-E441836FE925}.Release|Any CPU.ActiveCfg = Release|Any CPU
		{4B78C3EC-BC27-4066-A5B0-E441836FE925}.Release|Any CPU.Build.0 = Release|Any CPU
		{30851A59-9AB2-E9B9-C7AC-41E2968C9A90}.Debug|Any CPU.ActiveCfg = Debug|Any CPU
		{30851A59-9AB2-E9B9-C7AC-41E2968C9A90}.Debug|Any CPU.Build.0 = Debug|Any CPU
		{30851A59-9AB2-E9B9-C7AC-41E2968C9A90}.Release|Any CPU.ActiveCfg = Release|Any CPU
		{30851A59-9AB2-E9B9-C7AC-41E2968C9A90}.Release|Any CPU.Build.0 = Release|Any CPU
		{FC9D5E09-B30D-371F-2943-9EA22D4AF47B}.Debug|Any CPU.ActiveCfg = Debug|Any CPU
		{FC9D5E09-B30D-371F-2943-9EA22D4AF47B}.Debug|Any CPU.Build.0 = Debug|Any CPU
		{FC9D5E09-B30D-371F-2943-9EA22D4AF47B}.Release|Any CPU.ActiveCfg = Release|Any CPU
		{FC9D5E09-B30D-371F-2943-9EA22D4AF47B}.Release|Any CPU.Build.0 = Release|Any CPU
		{9F46E315-1EAF-0F03-073C-648E5FD56D52}.Debug|Any CPU.ActiveCfg = Debug|Any CPU
		{9F46E315-1EAF-0F03-073C-648E5FD56D52}.Debug|Any CPU.Build.0 = Debug|Any CPU
		{9F46E315-1EAF-0F03-073C-648E5FD56D52}.Release|Any CPU.ActiveCfg = Release|Any CPU
		{9F46E315-1EAF-0F03-073C-648E5FD56D52}.Release|Any CPU.Build.0 = Release|Any CPU
		{65423FA8-715F-767A-472F-7DE89253AD6A}.Debug|Any CPU.ActiveCfg = Debug|Any CPU
		{65423FA8-715F-767A-472F-7DE89253AD6A}.Debug|Any CPU.Build.0 = Debug|Any CPU
		{65423FA8-715F-767A-472F-7DE89253AD6A}.Release|Any CPU.ActiveCfg = Release|Any CPU
		{65423FA8-715F-767A-472F-7DE89253AD6A}.Release|Any CPU.Build.0 = Release|Any CPU
		{B9E6C7E8-7CC1-C7C7-72C9-BFDA45A60B9A}.Debug|Any CPU.ActiveCfg = Debug|Any CPU
		{B9E6C7E8-7CC1-C7C7-72C9-BFDA45A60B9A}.Debug|Any CPU.Build.0 = Debug|Any CPU
		{B9E6C7E8-7CC1-C7C7-72C9-BFDA45A60B9A}.Release|Any CPU.ActiveCfg = Release|Any CPU
		{B9E6C7E8-7CC1-C7C7-72C9-BFDA45A60B9A}.Release|Any CPU.Build.0 = Release|Any CPU
		{AA1BF274-C52B-E412-6C3C-AC858117C5F7}.Debug|Any CPU.ActiveCfg = Debug|Any CPU
		{AA1BF274-C52B-E412-6C3C-AC858117C5F7}.Debug|Any CPU.Build.0 = Debug|Any CPU
		{AA1BF274-C52B-E412-6C3C-AC858117C5F7}.Release|Any CPU.ActiveCfg = Release|Any CPU
		{AA1BF274-C52B-E412-6C3C-AC858117C5F7}.Release|Any CPU.Build.0 = Release|Any CPU
	EndGlobalSection
	GlobalSection(SolutionProperties) = preSolution
		HideSolutionNode = FALSE
	EndGlobalSection
EndGlobal
